
Microsoft Visual Studio Solution File, Format Version 12.00
# Visual Studio 15
VisualStudioVersion = 15.0.27428.2005
MinimumVisualStudioVersion = 10.0.40219.1
Project("{FAE04EC0-301F-11D3-BF4B-00C04F79EFBC}") = "WeatherApp", "WeatherApp\WeatherApp.csproj", "{03159FD9-DA85-46DD-8DE4-623EBFA332B2}"
EndProject
Project("{FAE04EC0-301F-11D3-BF4B-00C04F79EFBC}") = "WeatherApp.Tests", "WeatherApp.Tests\WeatherApp.Tests.csproj", "{A6FE1945-458B-493B-AB85-C5D4C3C31D68}"
EndProject
Global
	GlobalSection(SolutionConfigurationPlatforms) = preSolution
		Debug|Any CPU = Debug|Any CPU
		Release|Any CPU = Release|Any CPU
	EndGlobalSection
	GlobalSection(ProjectConfigurationPlatforms) = postSolution
		{03159FD9-DA85-46DD-8DE4-623EBFA332B2}.Debug|Any CPU.ActiveCfg = Debug|Any CPU
		{03159FD9-DA85-46DD-8DE4-623EBFA332B2}.Debug|Any CPU.Build.0 = Debug|Any CPU
		{03159FD9-DA85-46DD-8DE4-623EBFA332B2}.Release|Any CPU.ActiveCfg = Release|Any CPU
		{03159FD9-DA85-46DD-8DE4-623EBFA332B2}.Release|Any CPU.Build.0 = Release|Any CPU
		{A6FE1945-458B-493B-AB85-C5D4C3C31D68}.Debug|Any CPU.ActiveCfg = Debug|Any CPU
		{A6FE1945-458B-493B-AB85-C5D4C3C31D68}.Debug|Any CPU.Build.0 = Debug|Any CPU
		{A6FE1945-458B-493B-AB85-C5D4C3C31D68}.Release|Any CPU.ActiveCfg = Release|Any CPU
		{A6FE1945-458B-493B-AB85-C5D4C3C31D68}.Release|Any CPU.Build.0 = Release|Any CPU
	EndGlobalSection
	GlobalSection(SolutionProperties) = preSolution
		HideSolutionNode = FALSE
	EndGlobalSection
	GlobalSection(ExtensibilityGlobals) = postSolution
		SolutionGuid = {0CCD916A-E95B-4F30-9D3E-A758E5C6AD67}
	EndGlobalSection
EndGlobal
